
Microsoft Visual Studio Solution File, Format Version 12.00
# Visual Studio Version 17
VisualStudioVersion = 17.3.32922.545
MinimumVisualStudioVersion = 10.0.40219.1
Project("{9A19103F-16F7-4668-BE54-9A1E7A4F7556}") = "Backend", "Backend\Backend.csproj", "{C2E912E6-3C47-4506-B882-25CD80F7A1E4}"
EndProject
Global
	GlobalSection(SolutionConfigurationPlatforms) = preSolution
		Debug|Any CPU = Debug|Any CPU
		Release|Any CPU = Release|Any CPU
	EndGlobalSection
	GlobalSection(ProjectConfigurationPlatforms) = postSolution
		{C2E912E6-3C47-4506-B882-25CD80F7A1E4}.Debug|Any CPU.ActiveCfg = Debug|Any CPU
		{C2E912E6-3C47-4506-B882-25CD80F7A1E4}.Debug|Any CPU.Build.0 = Debug|Any CPU
		{C2E912E6-3C47-4506-B882-25CD80F7A1E4}.Release|Any CPU.ActiveCfg = Release|Any CPU
		{C2E912E6-3C47-4506-B882-25CD80F7A1E4}.Release|Any CPU.Build.0 = Release|Any CPU
	EndGlobalSection
	GlobalSection(SolutionProperties) = preSolution
		HideSolutionNode = FALSE
	EndGlobalSection
	GlobalSection(ExtensibilityGlobals) = postSolution
		SolutionGuid = {E29BAD74-8115-4C99-BE8E-E3C9A636F7D3}
	EndGlobalSection
EndGlobal
